
Microsoft Visual Studio Solution File, Format Version 12.00
# Visual Studio Version 17
VisualStudioVersion = 17.3.32929.385
MinimumVisualStudioVersion = 10.0.40219.1
Project("{FAE04EC0-301F-11D3-BF4B-00C04F79EFBC}") = "Rythme Game", "Rythme Game\Rythme Game.csproj", "{453E3771-F4BC-41A5-8463-D616DCB55D79}"
EndProject
Global
	GlobalSection(SolutionConfigurationPlatforms) = preSolution
		Debug|Any CPU = Debug|Any CPU
		Release|Any CPU = Release|Any CPU
	EndGlobalSection
	GlobalSection(ProjectConfigurationPlatforms) = postSolution
		{453E3771-F4BC-41A5-8463-D616DCB55D79}.Debug|Any CPU.ActiveCfg = Debug|Any CPU
		{453E3771-F4BC-41A5-8463-D616DCB55D79}.Debug|Any CPU.Build.0 = Debug|Any CPU
		{453E3771-F4BC-41A5-8463-D616DCB55D79}.Release|Any CPU.ActiveCfg = Release|Any CPU
		{453E3771-F4BC-41A5-8463-D616DCB55D79}.Release|Any CPU.Build.0 = Release|Any CPU
	EndGlobalSection
	GlobalSection(SolutionProperties) = preSolution
		HideSolutionNode = FALSE
	EndGlobalSection
	GlobalSection(ExtensibilityGlobals) = postSolution
		SolutionGuid = {A2F099E2-8F83-4647-8B1D-421D807B9F25}
	EndGlobalSection
EndGlobal
